// !$*UTF8*$!
{
	archiveVersion = 1;
	classes = {
	};
	objectVersion = 51;
	objects = {

/* Begin PBXBuildFile section */
		7E24F7A225234F01005140DA /* AppDelegate.swift in Sources */ = {isa = PBXBuildFile; fileRef = 7E24F7A125234F01005140DA /* AppDelegate.swift */; };
		7E24F7A425234F01005140DA /* SceneDelegate.swift in Sources */ = {isa = PBXBuildFile; fileRef = 7E24F7A325234F01005140DA /* SceneDelegate.swift */; };
		7E24F7AB25234F05005140DA /* Assets.xcassets in Resources */ = {isa = PBXBuildFile; fileRef = 7E24F7AA25234F05005140DA /* Assets.xcassets */; };
		7E24F7AE25234F05005140DA /* LaunchScreen.storyboard in Resources */ = {isa = PBXBuildFile; fileRef = 7E24F7AC25234F05005140DA /* LaunchScreen.storyboard */; };
		7E24F7B925234F05005140DA /* PlacesAppTests.swift in Sources */ = {isa = PBXBuildFile; fileRef = 7E24F7B825234F05005140DA /* PlacesAppTests.swift */; };
		7E24F7C425234F05005140DA /* PlacesAppUITests.swift in Sources */ = {isa = PBXBuildFile; fileRef = 7E24F7C325234F05005140DA /* PlacesAppUITests.swift */; };
		7E4459612524C16500886D12 /* PlacesViewController.swift in Sources */ = {isa = PBXBuildFile; fileRef = 7E4459602524C16500886D12 /* PlacesViewController.swift */; };
		7E4459632524C1A000886D12 /* PlaceTableViewCell.swift in Sources */ = {isa = PBXBuildFile; fileRef = 7E4459622524C1A000886D12 /* PlaceTableViewCell.swift */; };
		7E4459662524C20600886D12 /* PlaceViewModel.swift in Sources */ = {isa = PBXBuildFile; fileRef = 7E4459652524C20600886D12 /* PlaceViewModel.swift */; };
		7E4459682524C23900886D12 /* PlaceDataSource.swift in Sources */ = {isa = PBXBuildFile; fileRef = 7E4459672524C23900886D12 /* PlaceDataSource.swift */; };
		7E44596B2524C27D00886D12 /* PlaceInfo.swift in Sources */ = {isa = PBXBuildFile; fileRef = 7E44596A2524C27D00886D12 /* PlaceInfo.swift */; };
		7E44596D2524C34D00886D12 /* DynamicValue.swift in Sources */ = {isa = PBXBuildFile; fileRef = 7E44596C2524C34D00886D12 /* DynamicValue.swift */; };
		7E4459702524C5E000886D12 /* RequestService.swift in Sources */ = {isa = PBXBuildFile; fileRef = 7E44596F2524C5E000886D12 /* RequestService.swift */; };
		7E4459762525B7FA00886D12 /* PlaceDataSourceTests.swift in Sources */ = {isa = PBXBuildFile; fileRef = 7E4459752525B7FA00886D12 /* PlaceDataSourceTests.swift */; };
		7E4459782525BB6100886D12 /* PlaceViewModelTests.swift in Sources */ = {isa = PBXBuildFile; fileRef = 7E4459772525BB6100886D12 /* PlaceViewModelTests.swift */; };
		7E44597A2525C23F00886D12 /* sample.json in Resources */ = {isa = PBXBuildFile; fileRef = 7E4459792525C23E00886D12 /* sample.json */; };
		873B26C7B81BEE5FBAB6C542 /* Pods_PlacesApp.framework in Frameworks */ = {isa = PBXBuildFile; fileRef = 0226AB009F6139AC3ECBD9C7 /* Pods_PlacesApp.framework */; };
/* End PBXBuildFile section */

/* Begin PBXContainerItemProxy section */
		7E24F7B525234F05005140DA /* PBXContainerItemProxy */ = {
			isa = PBXContainerItemProxy;
			containerPortal = 7E24F79625234F01005140DA /* Project object */;
			proxyType = 1;
			remoteGlobalIDString = 7E24F79D25234F01005140DA;
			remoteInfo = PlacesApp;
		};
		7E24F7C025234F05005140DA /* PBXContainerItemProxy */ = {
			isa = PBXContainerItemProxy;
			containerPortal = 7E24F79625234F01005140DA /* Project object */;
			proxyType = 1;
			remoteGlobalIDString = 7E24F79D25234F01005140DA;
			remoteInfo = PlacesApp;
		};
/* End PBXContainerItemProxy section */

/* Begin PBXFileReference section */
		0226AB009F6139AC3ECBD9C7 /* Pods_PlacesApp.framework */ = {isa = PBXFileReference; explicitFileType = wrapper.framework; includeInIndex = 0; path = Pods_PlacesApp.framework; sourceTree = BUILT_PRODUCTS_DIR; };
		7E24F79E25234F01005140DA /* PlacesApp.app */ = {isa = PBXFileReference; explicitFileType = wrapper.application; includeInIndex = 0; path = PlacesApp.app; sourceTree = BUILT_PRODUCTS_DIR; };
		7E24F7A125234F01005140DA /* AppDelegate.swift */ = {isa = PBXFileReference; lastKnownFileType = sourcecode.swift; path = AppDelegate.swift; sourceTree = "<group>"; };
		7E24F7A325234F01005140DA /* SceneDelegate.swift */ = {isa = PBXFileReference; lastKnownFileType = sourcecode.swift; path = SceneDelegate.swift; sourceTree = "<group>"; };
		7E24F7AA25234F05005140DA /* Assets.xcassets */ = {isa = PBXFileReference; lastKnownFileType = folder.assetcatalog; path = Assets.xcassets; sourceTree = "<group>"; };
		7E24F7AD25234F05005140DA /* Base */ = {isa = PBXFileReference; lastKnownFileType = file.storyboard; name = Base; path = Base.lproj/LaunchScreen.storyboard; sourceTree = "<group>"; };
		7E24F7AF25234F05005140DA /* Info.plist */ = {isa = PBXFileReference; lastKnownFileType = text.plist.xml; path = Info.plist; sourceTree = "<group>"; };
		7E24F7B425234F05005140DA /* PlacesAppTests.xctest */ = {isa = PBXFileReference; explicitFileType = wrapper.cfbundle; includeInIndex = 0; path = PlacesAppTests.xctest; sourceTree = BUILT_PRODUCTS_DIR; };
		7E24F7B825234F05005140DA /* PlacesAppTests.swift */ = {isa = PBXFileReference; lastKnownFileType = sourcecode.swift; path = PlacesAppTests.swift; sourceTree = "<group>"; };
		7E24F7BA25234F05005140DA /* Info.plist */ = {isa = PBXFileReference; lastKnownFileType = text.plist.xml; path = Info.plist; sourceTree = "<group>"; };
		7E24F7BF25234F05005140DA /* PlacesAppUITests.xctest */ = {isa = PBXFileReference; explicitFileType = wrapper.cfbundle; includeInIndex = 0; path = PlacesAppUITests.xctest; sourceTree = BUILT_PRODUCTS_DIR; };
		7E24F7C325234F05005140DA /* PlacesAppUITests.swift */ = {isa = PBXFileReference; lastKnownFileType = sourcecode.swift; path = PlacesAppUITests.swift; sourceTree = "<group>"; };
		7E24F7C525234F05005140DA /* Info.plist */ = {isa = PBXFileReference; lastKnownFileType = text.plist.xml; path = Info.plist; sourceTree = "<group>"; };
		7E4459602524C16500886D12 /* PlacesViewController.swift */ = {isa = PBXFileReference; lastKnownFileType = sourcecode.swift; path = PlacesViewController.swift; sourceTree = "<group>"; };
		7E4459622524C1A000886D12 /* PlaceTableViewCell.swift */ = {isa = PBXFileReference; lastKnownFileType = sourcecode.swift; path = PlaceTableViewCell.swift; sourceTree = "<group>"; };
		7E4459652524C20600886D12 /* PlaceViewModel.swift */ = {isa = PBXFileReference; lastKnownFileType = sourcecode.swift; path = PlaceViewModel.swift; sourceTree = "<group>"; };
		7E4459672524C23900886D12 /* PlaceDataSource.swift */ = {isa = PBXFileReference; lastKnownFileType = sourcecode.swift; path = PlaceDataSource.swift; sourceTree = "<group>"; };
		7E44596A2524C27D00886D12 /* PlaceInfo.swift */ = {isa = PBXFileReference; lastKnownFileType = sourcecode.swift; path = PlaceInfo.swift; sourceTree = "<group>"; };
		7E44596C2524C34D00886D12 /* DynamicValue.swift */ = {isa = PBXFileReference; lastKnownFileType = sourcecode.swift; path = DynamicValue.swift; sourceTree = "<group>"; };
		7E44596F2524C5E000886D12 /* RequestService.swift */ = {isa = PBXFileReference; lastKnownFileType = sourcecode.swift; path = RequestService.swift; sourceTree = "<group>"; };
		7E4459752525B7FA00886D12 /* PlaceDataSourceTests.swift */ = {isa = PBXFileReference; lastKnownFileType = sourcecode.swift; path = PlaceDataSourceTests.swift; sourceTree = "<group>"; };
		7E4459772525BB6100886D12 /* PlaceViewModelTests.swift */ = {isa = PBXFileReference; lastKnownFileType = sourcecode.swift; path = PlaceViewModelTests.swift; sourceTree = "<group>"; };
		7E4459792525C23E00886D12 /* sample.json */ = {isa = PBXFileReference; fileEncoding = 4; lastKnownFileType = text.json; path = sample.json; sourceTree = "<group>"; };
		AA9A5A9C85B6D799EACBE6A2 /* Pods-PlacesApp.release.xcconfig */ = {isa = PBXFileReference; includeInIndex = 1; lastKnownFileType = text.xcconfig; name = "Pods-PlacesApp.release.xcconfig"; path = "Target Support Files/Pods-PlacesApp/Pods-PlacesApp.release.xcconfig"; sourceTree = "<group>"; };
		F483CA19351FDCBDFF35FECE /* Pods-PlacesApp.debug.xcconfig */ = {isa = PBXFileReference; includeInIndex = 1; lastKnownFileType = text.xcconfig; name = "Pods-PlacesApp.debug.xcconfig"; path = "Target Support Files/Pods-PlacesApp/Pods-PlacesApp.debug.xcconfig"; sourceTree = "<group>"; };
/* End PBXFileReference section */

/* Begin PBXFrameworksBuildPhase section */
		7E24F79B25234F01005140DA /* Frameworks */ = {
			isa = PBXFrameworksBuildPhase;
			buildActionMask = 2147483647;
			files = (
				873B26C7B81BEE5FBAB6C542 /* Pods_PlacesApp.framework in Frameworks */,
			);
			runOnlyForDeploymentPostprocessing = 0;
		};
		7E24F7B125234F05005140DA /* Frameworks */ = {
			isa = PBXFrameworksBuildPhase;
			buildActionMask = 2147483647;
			files = (
			);
			runOnlyForDeploymentPostprocessing = 0;
		};
		7E24F7BC25234F05005140DA /* Frameworks */ = {
			isa = PBXFrameworksBuildPhase;
			buildActionMask = 2147483647;
			files = (
			);
			runOnlyForDeploymentPostprocessing = 0;
		};
/* End PBXFrameworksBuildPhase section */

/* Begin PBXGroup section */
		682282E684D22801601AB2E7 /* Pods */ = {
			isa = PBXGroup;
			children = (
				F483CA19351FDCBDFF35FECE /* Pods-PlacesApp.debug.xcconfig */,
				AA9A5A9C85B6D799EACBE6A2 /* Pods-PlacesApp.release.xcconfig */,
			);
			path = Pods;
			sourceTree = "<group>";
		};
		7E24F79525234F01005140DA = {
			isa = PBXGroup;
			children = (
				7E24F7A025234F01005140DA /* PlacesApp */,
				7E24F7B725234F05005140DA /* PlacesAppTests */,
				7E24F7C225234F05005140DA /* PlacesAppUITests */,
				7E24F79F25234F01005140DA /* Products */,
				682282E684D22801601AB2E7 /* Pods */,
				B15AF82A1976E479AD27E089 /* Frameworks */,
			);
			sourceTree = "<group>";
		};
		7E24F79F25234F01005140DA /* Products */ = {
			isa = PBXGroup;
			children = (
				7E24F79E25234F01005140DA /* PlacesApp.app */,
				7E24F7B425234F05005140DA /* PlacesAppTests.xctest */,
				7E24F7BF25234F05005140DA /* PlacesAppUITests.xctest */,
			);
			name = Products;
			sourceTree = "<group>";
		};
		7E24F7A025234F01005140DA /* PlacesApp */ = {
			isa = PBXGroup;
			children = (
				7E4459792525C23E00886D12 /* sample.json */,
				7E44596E2524C56200886D12 /* Service */,
				7E4459692524C25000886D12 /* Model */,
				7E4459642524C1DD00886D12 /* ViewModel */,
				7E44595F2524C12000886D12 /* View */,
				7E24F7A125234F01005140DA /* AppDelegate.swift */,
				7E24F7A325234F01005140DA /* SceneDelegate.swift */,
				7E24F7AA25234F05005140DA /* Assets.xcassets */,
				7E24F7AC25234F05005140DA /* LaunchScreen.storyboard */,
				7E24F7AF25234F05005140DA /* Info.plist */,
			);
			path = PlacesApp;
			sourceTree = "<group>";
		};
		7E24F7B725234F05005140DA /* PlacesAppTests */ = {
			isa = PBXGroup;
			children = (
				7E24F7B825234F05005140DA /* PlacesAppTests.swift */,
				7E24F7BA25234F05005140DA /* Info.plist */,
				7E4459752525B7FA00886D12 /* PlaceDataSourceTests.swift */,
				7E4459772525BB6100886D12 /* PlaceViewModelTests.swift */,
			);
			path = PlacesAppTests;
			sourceTree = "<group>";
		};
		7E24F7C225234F05005140DA /* PlacesAppUITests */ = {
			isa = PBXGroup;
			children = (
				7E24F7C325234F05005140DA /* PlacesAppUITests.swift */,
				7E24F7C525234F05005140DA /* Info.plist */,
			);
			path = PlacesAppUITests;
			sourceTree = "<group>";
		};
		7E44595F2524C12000886D12 /* View */ = {
			isa = PBXGroup;
			children = (
				7E4459602524C16500886D12 /* PlacesViewController.swift */,
				7E4459622524C1A000886D12 /* PlaceTableViewCell.swift */,
			);
			path = View;
			sourceTree = "<group>";
		};
		7E4459642524C1DD00886D12 /* ViewModel */ = {
			isa = PBXGroup;
			children = (
				7E4459652524C20600886D12 /* PlaceViewModel.swift */,
				7E4459672524C23900886D12 /* PlaceDataSource.swift */,
			);
			path = ViewModel;
			sourceTree = "<group>";
		};
		7E4459692524C25000886D12 /* Model */ = {
			isa = PBXGroup;
			children = (
				7E44596A2524C27D00886D12 /* PlaceInfo.swift */,
				7E44596C2524C34D00886D12 /* DynamicValue.swift */,
			);
			path = Model;
			sourceTree = "<group>";
		};
		7E44596E2524C56200886D12 /* Service */ = {
			isa = PBXGroup;
			children = (
				7E44596F2524C5E000886D12 /* RequestService.swift */,
			);
			path = Service;
			sourceTree = "<group>";
		};
		B15AF82A1976E479AD27E089 /* Frameworks */ = {
			isa = PBXGroup;
			children = (
				0226AB009F6139AC3ECBD9C7 /* Pods_PlacesApp.framework */,
			);
			name = Frameworks;
			sourceTree = "<group>";
		};
/* End PBXGroup section */

/* Begin PBXNativeTarget section */
		7E24F79D25234F01005140DA /* PlacesApp */ = {
			isa = PBXNativeTarget;
			buildConfigurationList = 7E24F7C825234F05005140DA /* Build configuration list for PBXNativeTarget "PlacesApp" */;
			buildPhases = (
				5E1CCD033000E8CAA02BBD8E /* [CP] Check Pods Manifest.lock */,
				7E24F79A25234F01005140DA /* Sources */,
				7E24F79B25234F01005140DA /* Frameworks */,
				7E24F79C25234F01005140DA /* Resources */,
				DD3190A04CF8FF887ECC586B /* [CP] Embed Pods Frameworks */,
				7E44595E2523595700886D12 /* ShellScript */,
			);
			buildRules = (
			);
			dependencies = (
			);
			name = PlacesApp;
			productName = PlacesApp;
			productReference = 7E24F79E25234F01005140DA /* PlacesApp.app */;
			productType = "com.apple.product-type.application";
		};
		7E24F7B325234F05005140DA /* PlacesAppTests */ = {
			isa = PBXNativeTarget;
			buildConfigurationList = 7E24F7CB25234F05005140DA /* Build configuration list for PBXNativeTarget "PlacesAppTests" */;
			buildPhases = (
				7E24F7B025234F05005140DA /* Sources */,
				7E24F7B125234F05005140DA /* Frameworks */,
				7E24F7B225234F05005140DA /* Resources */,
			);
			buildRules = (
			);
			dependencies = (
				7E24F7B625234F05005140DA /* PBXTargetDependency */,
			);
			name = PlacesAppTests;
			productName = PlacesAppTests;
			productReference = 7E24F7B425234F05005140DA /* PlacesAppTests.xctest */;
			productType = "com.apple.product-type.bundle.unit-test";
		};
		7E24F7BE25234F05005140DA /* PlacesAppUITests */ = {
			isa = PBXNativeTarget;
			buildConfigurationList = 7E24F7CE25234F05005140DA /* Build configuration list for PBXNativeTarget "PlacesAppUITests" */;
			buildPhases = (
				7E24F7BB25234F05005140DA /* Sources */,
				7E24F7BC25234F05005140DA /* Frameworks */,
				7E24F7BD25234F05005140DA /* Resources */,
			);
			buildRules = (
			);
			dependencies = (
				7E24F7C125234F05005140DA /* PBXTargetDependency */,
			);
			name = PlacesAppUITests;
			productName = PlacesAppUITests;
			productReference = 7E24F7BF25234F05005140DA /* PlacesAppUITests.xctest */;
			productType = "com.apple.product-type.bundle.ui-testing";
		};
/* End PBXNativeTarget section */

/* Begin PBXProject section */
		7E24F79625234F01005140DA /* Project object */ = {
			isa = PBXProject;
			attributes = {
				LastSwiftUpdateCheck = 1170;
				LastUpgradeCheck = 1170;
				ORGANIZATIONNAME = Hariharan;
				TargetAttributes = {
					7E24F79D25234F01005140DA = {
						CreatedOnToolsVersion = 11.7;
					};
					7E24F7B325234F05005140DA = {
						CreatedOnToolsVersion = 11.7;
						TestTargetID = 7E24F79D25234F01005140DA;
					};
					7E24F7BE25234F05005140DA = {
						CreatedOnToolsVersion = 11.7;
						TestTargetID = 7E24F79D25234F01005140DA;
					};
				};
			};
			buildConfigurationList = 7E24F79925234F01005140DA /* Build configuration list for PBXProject "PlacesApp" */;
			compatibilityVersion = "Xcode 9.3";
			developmentRegion = en;
			hasScannedForEncodings = 0;
			knownRegions = (
				en,
				Base,
			);
			mainGroup = 7E24F79525234F01005140DA;
			productRefGroup = 7E24F79F25234F01005140DA /* Products */;
			projectDirPath = "";
			projectRoot = "";
			targets = (
				7E24F79D25234F01005140DA /* PlacesApp */,
				7E24F7B325234F05005140DA /* PlacesAppTests */,
				7E24F7BE25234F05005140DA /* PlacesAppUITests */,
			);
		};
/* End PBXProject section */

/* Begin PBXResourcesBuildPhase section */
		7E24F79C25234F01005140DA /* Resources */ = {
			isa = PBXResourcesBuildPhase;
			buildActionMask = 2147483647;
			files = (
				7E24F7AE25234F05005140DA /* LaunchScreen.storyboard in Resources */,
				7E24F7AB25234F05005140DA /* Assets.xcassets in Resources */,
				7E44597A2525C23F00886D12 /* sample.json in Resources */,
			);
			runOnlyForDeploymentPostprocessing = 0;
		};
		7E24F7B225234F05005140DA /* Resources */ = {
			isa = PBXResourcesBuildPhase;
			buildActionMask = 2147483647;
			files = (
			);
			runOnlyForDeploymentPostprocessing = 0;
		};
		7E24F7BD25234F05005140DA /* Resources */ = {
			isa = PBXResourcesBuildPhase;
			buildActionMask = 2147483647;
			files = (
			);
			runOnlyForDeploymentPostprocessing = 0;
		};
/* End PBXResourcesBuildPhase section */

/* Begin PBXShellScriptBuildPhase section */
		5E1CCD033000E8CAA02BBD8E /* [CP] Check Pods Manifest.lock */ = {
			isa = PBXShellScriptBuildPhase;
			buildActionMask = 2147483647;
			files = (
			);
			inputFileListPaths = (
			);
			inputPaths = (
				"${PODS_PODFILE_DIR_PATH}/Podfile.lock",
				"${PODS_ROOT}/Manifest.lock",
			);
			name = "[CP] Check Pods Manifest.lock";
			outputFileListPaths = (
			);
			outputPaths = (
				"$(DERIVED_FILE_DIR)/Pods-PlacesApp-checkManifestLockResult.txt",
			);
			runOnlyForDeploymentPostprocessing = 0;
			shellPath = /bin/sh;
			shellScript = "diff \"${PODS_PODFILE_DIR_PATH}/Podfile.lock\" \"${PODS_ROOT}/Manifest.lock\" > /dev/null\nif [ $? != 0 ] ; then\n    # print error to STDERR\n    echo \"error: The sandbox is not in sync with the Podfile.lock. Run 'pod install' or update your CocoaPods installation.\" >&2\n    exit 1\nfi\n# This output is used by Xcode 'outputs' to avoid re-running this script phase.\necho \"SUCCESS\" > \"${SCRIPT_OUTPUT_FILE_0}\"\n";
			showEnvVarsInLog = 0;
		};
		7E44595E2523595700886D12 /* ShellScript */ = {
			isa = PBXShellScriptBuildPhase;
			buildActionMask = 2147483647;
			files = (
			);
			inputFileListPaths = (
			);
			inputPaths = (
			);
			outputFileListPaths = (
			);
			outputPaths = (
			);
			runOnlyForDeploymentPostprocessing = 0;
			shellPath = /bin/sh;
			shellScript = "# Type a script or drag a script file from your workspace to insert its path.\n${PODS_ROOT}/SwiftLint/swiftlint\n";
		};
		DD3190A04CF8FF887ECC586B /* [CP] Embed Pods Frameworks */ = {
			isa = PBXShellScriptBuildPhase;
			buildActionMask = 2147483647;
			files = (
			);
			inputFileListPaths = (
				"${PODS_ROOT}/Target Support Files/Pods-PlacesApp/Pods-PlacesApp-frameworks-${CONFIGURATION}-input-files.xcfilelist",
			);
			name = "[CP] Embed Pods Frameworks";
			outputFileListPaths = (
				"${PODS_ROOT}/Target Support Files/Pods-PlacesApp/Pods-PlacesApp-frameworks-${CONFIGURATION}-output-files.xcfilelist",
			);
			runOnlyForDeploymentPostprocessing = 0;
			shellPath = /bin/sh;
			shellScript = "\"${PODS_ROOT}/Target Support Files/Pods-PlacesApp/Pods-PlacesApp-frameworks.sh\"\n";
			showEnvVarsInLog = 0;
		};
/* End PBXShellScriptBuildPhase section */

/* Begin PBXSourcesBuildPhase section */
		7E24F79A25234F01005140DA /* Sources */ = {
			isa = PBXSourcesBuildPhase;
			buildActionMask = 2147483647;
			files = (
				7E44596B2524C27D00886D12 /* PlaceInfo.swift in Sources */,
				7E4459702524C5E000886D12 /* RequestService.swift in Sources */,
				7E4459612524C16500886D12 /* PlacesViewController.swift in Sources */,
				7E4459662524C20600886D12 /* PlaceViewModel.swift in Sources */,
				7E4459682524C23900886D12 /* PlaceDataSource.swift in Sources */,
				7E24F7A225234F01005140DA /* AppDelegate.swift in Sources */,
				7E24F7A425234F01005140DA /* SceneDelegate.swift in Sources */,
				7E4459632524C1A000886D12 /* PlaceTableViewCell.swift in Sources */,
				7E44596D2524C34D00886D12 /* DynamicValue.swift in Sources */,
			);
			runOnlyForDeploymentPostprocessing = 0;
		};
		7E24F7B025234F05005140DA /* Sources */ = {
			isa = PBXSourcesBuildPhase;
			buildActionMask = 2147483647;
			files = (
				7E4459782525BB6100886D12 /* PlaceViewModelTests.swift in Sources */,
				7E4459762525B7FA00886D12 /* PlaceDataSourceTests.swift in Sources */,
				7E24F7B925234F05005140DA /* PlacesAppTests.swift in Sources */,
			);
			runOnlyForDeploymentPostprocessing = 0;
		};
		7E24F7BB25234F05005140DA /* Sources */ = {
			isa = PBXSourcesBuildPhase;
			buildActionMask = 2147483647;
			files = (
				7E24F7C425234F05005140DA /* PlacesAppUITests.swift in Sources */,
			);
			runOnlyForDeploymentPostprocessing = 0;
		};
/* End PBXSourcesBuildPhase section */

/* Begin PBXTargetDependency section */
		7E24F7B625234F05005140DA /* PBXTargetDependency */ = {
			isa = PBXTargetDependency;
			target = 7E24F79D25234F01005140DA /* PlacesApp */;
			targetProxy = 7E24F7B525234F05005140DA /* PBXContainerItemProxy */;
		};
		7E24F7C125234F05005140DA /* PBXTargetDependency */ = {
			isa = PBXTargetDependency;
			target = 7E24F79D25234F01005140DA /* PlacesApp */;
			targetProxy = 7E24F7C025234F05005140DA /* PBXContainerItemProxy */;
		};
/* End PBXTargetDependency section */

/* Begin PBXVariantGroup section */
		7E24F7AC25234F05005140DA /* LaunchScreen.storyboard */ = {
			isa = PBXVariantGroup;
			children = (
				7E24F7AD25234F05005140DA /* Base */,
			);
			name = LaunchScreen.storyboard;
			sourceTree = "<group>";
		};
/* End PBXVariantGroup section */

/* Begin XCBuildConfiguration section */
		7E24F7C625234F05005140DA /* Debug */ = {
			isa = XCBuildConfiguration;
			buildSettings = {
				ALWAYS_SEARCH_USER_PATHS = NO;
				CLANG_ANALYZER_NONNULL = YES;
				CLANG_ANALYZER_NUMBER_OBJECT_CONVERSION = YES_AGGRESSIVE;
				CLANG_CXX_LANGUAGE_STANDARD = "gnu++14";
				CLANG_CXX_LIBRARY = "libc++";
				CLANG_ENABLE_MODULES = YES;
				CLANG_ENABLE_OBJC_ARC = YES;
				CLANG_ENABLE_OBJC_WEAK = YES;
				CLANG_WARN_BLOCK_CAPTURE_AUTORELEASING = YES;
				CLANG_WARN_BOOL_CONVERSION = YES;
				CLANG_WARN_COMMA = YES;
				CLANG_WARN_CONSTANT_CONVERSION = YES;
				CLANG_WARN_DEPRECATED_OBJC_IMPLEMENTATIONS = YES;
				CLANG_WARN_DIRECT_OBJC_ISA_USAGE = YES_ERROR;
				CLANG_WARN_DOCUMENTATION_COMMENTS = YES;
				CLANG_WARN_EMPTY_BODY = YES;
				CLANG_WARN_ENUM_CONVERSION = YES;
				CLANG_WARN_INFINITE_RECURSION = YES;
				CLANG_WARN_INT_CONVERSION = YES;
				CLANG_WARN_NON_LITERAL_NULL_CONVERSION = YES;
				CLANG_WARN_OBJC_IMPLICIT_RETAIN_SELF = YES;
				CLANG_WARN_OBJC_LITERAL_CONVERSION = YES;
				CLANG_WARN_OBJC_ROOT_CLASS = YES_ERROR;
				CLANG_WARN_RANGE_LOOP_ANALYSIS = YES;
				CLANG_WARN_STRICT_PROTOTYPES = YES;
				CLANG_WARN_SUSPICIOUS_MOVE = YES;
				CLANG_WARN_UNGUARDED_AVAILABILITY = YES_AGGRESSIVE;
				CLANG_WARN_UNREACHABLE_CODE = YES;
				CLANG_WARN__DUPLICATE_METHOD_MATCH = YES;
				COPY_PHASE_STRIP = NO;
				DEBUG_INFORMATION_FORMAT = dwarf;
				ENABLE_STRICT_OBJC_MSGSEND = YES;
				ENABLE_TESTABILITY = YES;
				GCC_C_LANGUAGE_STANDARD = gnu11;
				GCC_DYNAMIC_NO_PIC = NO;
				GCC_NO_COMMON_BLOCKS = YES;
				GCC_OPTIMIZATION_LEVEL = 0;
				GCC_PREPROCESSOR_DEFINITIONS = (
					"DEBUG=1",
					"$(inherited)",
				);
				GCC_WARN_64_TO_32_BIT_CONVERSION = YES;
				GCC_WARN_ABOUT_RETURN_TYPE = YES_ERROR;
				GCC_WARN_UNDECLARED_SELECTOR = YES;
				GCC_WARN_UNINITIALIZED_AUTOS = YES_AGGRESSIVE;
				GCC_WARN_UNUSED_FUNCTION = YES;
				GCC_WARN_UNUSED_VARIABLE = YES;
				IPHONEOS_DEPLOYMENT_TARGET = 13.7;
				MTL_ENABLE_DEBUG_INFO = INCLUDE_SOURCE;
				MTL_FAST_MATH = YES;
				ONLY_ACTIVE_ARCH = YES;
				SDKROOT = iphoneos;
				SWIFT_ACTIVE_COMPILATION_CONDITIONS = DEBUG;
				SWIFT_OPTIMIZATION_LEVEL = "-Onone";
			};
			name = Debug;
		};
		7E24F7C725234F05005140DA /* Release */ = {
			isa = XCBuildConfiguration;
			buildSettings = {
				ALWAYS_SEARCH_USER_PATHS = NO;
				CLANG_ANALYZER_NONNULL = YES;
				CLANG_ANALYZER_NUMBER_OBJECT_CONVERSION = YES_AGGRESSIVE;
				CLANG_CXX_LANGUAGE_STANDARD = "gnu++14";
				CLANG_CXX_LIBRARY = "libc++";
				CLANG_ENABLE_MODULES = YES;
				CLANG_ENABLE_OBJC_ARC = YES;
				CLANG_ENABLE_OBJC_WEAK = YES;
				CLANG_WARN_BLOCK_CAPTURE_AUTORELEASING = YES;
				CLANG_WARN_BOOL_CONVERSION = YES;
				CLANG_WARN_COMMA = YES;
				CLANG_WARN_CONSTANT_CONVERSION = YES;
				CLANG_WARN_DEPRECATED_OBJC_IMPLEMENTATIONS = YES;
				CLANG_WARN_DIRECT_OBJC_ISA_USAGE = YES_ERROR;
				CLANG_WARN_DOCUMENTATION_COMMENTS = YES;
				CLANG_WARN_EMPTY_BODY = YES;
				CLANG_WARN_ENUM_CONVERSION = YES;
				CLANG_WARN_INFINITE_RECURSION = YES;
				CLANG_WARN_INT_CONVERSION = YES;
				CLANG_WARN_NON_LITERAL_NULL_CONVERSION = YES;
				CLANG_WARN_OBJC_IMPLICIT_RETAIN_SELF = YES;
				CLANG_WARN_OBJC_LITERAL_CONVERSION = YES;
				CLANG_WARN_OBJC_ROOT_CLASS = YES_ERROR;
				CLANG_WARN_RANGE_LOOP_ANALYSIS = YES;
				CLANG_WARN_STRICT_PROTOTYPES = YES;
				CLANG_WARN_SUSPICIOUS_MOVE = YES;
				CLANG_WARN_UNGUARDED_AVAILABILITY = YES_AGGRESSIVE;
				CLANG_WARN_UNREACHABLE_CODE = YES;
				CLANG_WARN__DUPLICATE_METHOD_MATCH = YES;
				COPY_PHASE_STRIP = NO;
				DEBUG_INFORMATION_FORMAT = "dwarf-with-dsym";
				ENABLE_NS_ASSERTIONS = NO;
				ENABLE_STRICT_OBJC_MSGSEND = YES;
				GCC_C_LANGUAGE_STANDARD = gnu11;
				GCC_NO_COMMON_BLOCKS = YES;
				GCC_WARN_64_TO_32_BIT_CONVERSION = YES;
				GCC_WARN_ABOUT_RETURN_TYPE = YES_ERROR;
				GCC_WARN_UNDECLARED_SELECTOR = YES;
				GCC_WARN_UNINITIALIZED_AUTOS = YES_AGGRESSIVE;
				GCC_WARN_UNUSED_FUNCTION = YES;
				GCC_WARN_UNUSED_VARIABLE = YES;
				IPHONEOS_DEPLOYMENT_TARGET = 13.7;
				MTL_ENABLE_DEBUG_INFO = NO;
				MTL_FAST_MATH = YES;
				SDKROOT = iphoneos;
				SWIFT_COMPILATION_MODE = wholemodule;
				SWIFT_OPTIMIZATION_LEVEL = "-O";
				VALIDATE_PRODUCT = YES;
			};
			name = Release;
		};
		7E24F7C925234F05005140DA /* Debug */ = {
			isa = XCBuildConfiguration;
			baseConfigurationReference = F483CA19351FDCBDFF35FECE /* Pods-PlacesApp.debug.xcconfig */;
			buildSettings = {
				ASSETCATALOG_COMPILER_APPICON_NAME = AppIcon;
				CODE_SIGN_STYLE = Automatic;
				INFOPLIST_FILE = PlacesApp/Info.plist;
				IPHONEOS_DEPLOYMENT_TARGET = 13.0;
				LD_RUNPATH_SEARCH_PATHS = (
					"$(inherited)",
					"@executable_path/Frameworks",
				);
				PRODUCT_BUNDLE_IDENTIFIER = com.test.PlacesApp;
				PRODUCT_NAME = "$(TARGET_NAME)";
				SWIFT_VERSION = 5.0;
				TARGETED_DEVICE_FAMILY = "1,2";
			};
			name = Debug;
		};
		7E24F7CA25234F05005140DA /* Release */ = {
			isa = XCBuildConfiguration;
			baseConfigurationReference = AA9A5A9C85B6D799EACBE6A2 /* Pods-PlacesApp.release.xcconfig */;
			buildSettings = {
				ASSETCATALOG_COMPILER_APPICON_NAME = AppIcon;
				CODE_SIGN_STYLE = Automatic;
				INFOPLIST_FILE = PlacesApp/Info.plist;
				IPHONEOS_DEPLOYMENT_TARGET = 13.0;
				LD_RUNPATH_SEARCH_PATHS = (
					"$(inherited)",
					"@executable_path/Frameworks",
				);
				PRODUCT_BUNDLE_IDENTIFIER = com.test.PlacesApp;
				PRODUCT_NAME = "$(TARGET_NAME)";
				SWIFT_VERSION = 5.0;
				TARGETED_DEVICE_FAMILY = "1,2";
			};
			name = Release;
		};
		7E24F7CC25234F05005140DA /* Debug */ = {
			isa = XCBuildConfiguration;
			buildSettings = {
				ALWAYS_EMBED_SWIFT_STANDARD_LIBRARIES = YES;
				BUNDLE_LOADER = "$(TEST_HOST)";
				CODE_SIGN_STYLE = Automatic;
				INFOPLIST_FILE = PlacesAppTests/Info.plist;
				IPHONEOS_DEPLOYMENT_TARGET = 13.7;
				LD_RUNPATH_SEARCH_PATHS = (
					"$(inherited)",
					"@executable_path/Frameworks",
					"@loader_path/Frameworks",
				);
				PRODUCT_BUNDLE_IDENTIFIER = com.test.PlacesAppTests;
				PRODUCT_NAME = "$(TARGET_NAME)";
				SWIFT_VERSION = 5.0;
				TARGETED_DEVICE_FAMILY = "1,2";
				TEST_HOST = "$(BUILT_PRODUCTS_DIR)/PlacesApp.app/PlacesApp";
			};
			name = Debug;
		};
		7E24F7CD25234F05005140DA /* Release */ = {
			isa = XCBuildConfiguration;
			buildSettings = {
				ALWAYS_EMBED_SWIFT_STANDARD_LIBRARIES = YES;
				BUNDLE_LOADER = "$(TEST_HOST)";
				CODE_SIGN_STYLE = Automatic;
				INFOPLIST_FILE = PlacesAppTests/Info.plist;
				IPHONEOS_DEPLOYMENT_TARGET = 13.7;
				LD_RUNPATH_SEARCH_PATHS = (
					"$(inherited)",
					"@executable_path/Frameworks",
					"@loader_path/Frameworks",
				);
				PRODUCT_BUNDLE_IDENTIFIER = com.test.PlacesAppTests;
				PRODUCT_NAME = "$(TARGET_NAME)";
				SWIFT_VERSION = 5.0;
				TARGETED_DEVICE_FAMILY = "1,2";
				TEST_HOST = "$(BUILT_PRODUCTS_DIR)/PlacesApp.app/PlacesApp";
			};
			name = Release;
		};
		7E24F7CF25234F05005140DA /* Debug */ = {
			isa = XCBuildConfiguration;
			buildSettings = {
				ALWAYS_EMBED_SWIFT_STANDARD_LIBRARIES = YES;
				CODE_SIGN_STYLE = Automatic;
				INFOPLIST_FILE = PlacesAppUITests/Info.plist;
				LD_RUNPATH_SEARCH_PATHS = (
					"$(inherited)",
					"@executable_path/Frameworks",
					"@loader_path/Frameworks",
				);
				PRODUCT_BUNDLE_IDENTIFIER = com.test.PlacesAppUITests;
				PRODUCT_NAME = "$(TARGET_NAME)";
				SWIFT_VERSION = 5.0;
				TARGETED_DEVICE_FAMILY = "1,2";
				TEST_TARGET_NAME = PlacesApp;
			};
			name = Debug;
		};
		7E24F7D025234F05005140DA /* Release */ = {
			isa = XCBuildConfiguration;
			buildSettings = {
				ALWAYS_EMBED_SWIFT_STANDARD_LIBRARIES = YES;
				CODE_SIGN_STYLE = Automatic;
				INFOPLIST_FILE = PlacesAppUITests/Info.plist;
				LD_RUNPATH_SEARCH_PATHS = (
					"$(inherited)",
					"@executable_path/Frameworks",
					"@loader_path/Frameworks",
				);
				PRODUCT_BUNDLE_IDENTIFIER = com.test.PlacesAppUITests;
				PRODUCT_NAME = "$(TARGET_NAME)";
				SWIFT_VERSION = 5.0;
				TARGETED_DEVICE_FAMILY = "1,2";
				TEST_TARGET_NAME = PlacesApp;
			};
			name = Release;
		};
/* End XCBuildConfiguration section */

/* Begin XCConfigurationList section */
		7E24F79925234F01005140DA /* Build configuration list for PBXProject "PlacesApp" */ = {
			isa = XCConfigurationList;
			buildConfigurations = (
				7E24F7C625234F05005140DA /* Debug */,
				7E24F7C725234F05005140DA /* Release */,
			);
			defaultConfigurationIsVisible = 0;
			defaultConfigurationName = Release;
		};
		7E24F7C825234F05005140DA /* Build configuration list for PBXNativeTarget "PlacesApp" */ = {
			isa = XCConfigurationList;
			buildConfigurations = (
				7E24F7C925234F05005140DA /* Debug */,
				7E24F7CA25234F05005140DA /* Release */,
			);
			defaultConfigurationIsVisible = 0;
			defaultConfigurationName = Release;
		};
		7E24F7CB25234F05005140DA /* Build configuration list for PBXNativeTarget "PlacesAppTests" */ = {
			isa = XCConfigurationList;
			buildConfigurations = (
				7E24F7CC25234F05005140DA /* Debug */,
				7E24F7CD25234F05005140DA /* Release */,
			);
			defaultConfigurationIsVisible = 0;
			defaultConfigurationName = Release;
		};
		7E24F7CE25234F05005140DA /* Build configuration list for PBXNativeTarget "PlacesAppUITests" */ = {
			isa = XCConfigurationList;
			buildConfigurations = (
				7E24F7CF25234F05005140DA /* Debug */,
				7E24F7D025234F05005140DA /* Release */,
			);
			defaultConfigurationIsVisible = 0;
			defaultConfigurationName = Release;
		};
/* End XCConfigurationList section */
	};
	rootObject = 7E24F79625234F01005140DA /* Project object */;
}
